{
  "name": "FileSharing",
  "lockfileVersion": 3,
  "requires": true,
  "packages": {
    "": {
      "dependencies": {
        "@noble/ed25519": "^3.1.0",
        "exifreader": "^4.36.2",
        "sharp": "^0.33.2"
      }
    },
    "node_modules/@emnapi/runtime": {
      "version": "0.45.0",
      "resolved": "https://registry.npmjs.org/@emnapi/runtime/-/runtime-0.45.0.tgz",
      "integrity": "sha512-Txumi3td7J4A/xTTwlssKieHKTGl3j4A1tglBx72auZ49YK7ePY6XZricgIg9mnZT4xPfA+UPCUdnhRuEFDL+w==",
      "license": "MIT",
      "optional": true,
      "dependencies": {
        "tslib": "^2.4.0"
      }
    },
    "node_modules/@img/sharp-darwin-arm64": {
      "version": "0.33.2",
      "resolved": "https://registry.npmjs.org/@img/sharp-darwin-arm64/-/sharp-darwin-arm64-0.33.2.tgz",
      "integrity": "sha512-itHBs1rPmsmGF9p4qRe++CzCgd+kFYktnsoR1sbIAfsRMrJZau0Tt1AH9KVnufc2/tU02Gf6Ibujx+15qRE03w==",
      "cpu": [
        "arm64"
      ],
      "license": "Apache-2.0",
      "optional": true,
      "os": [
        "darwin"
      ],
      "engines": {
        "glibc": ">=2.26",
        "node": "^18.17.0 || ^20.3.0 || >=21.0.0",
        "npm": ">=9.6.5",
        "pnpm": ">=7.1.0",
        "yarn": ">=3.2.0"
      },
      "funding": {
        "url": "https://opencollective.com/libvips"
      },
      "optionalDependencies": {
        "@img/sharp-libvips-darwin-arm64": "1.0.1"
      }
    },
    "node_modules/@img/sharp-darwin-x64": {
      "version": "0.33.2",
      "resolved": "https://registry.npmjs.org/@img/sharp-darwin-x64/-/sharp-darwin-x64-0.33.2.tgz",
      "integrity": "sha512-/rK/69Rrp9x5kaWBjVN07KixZanRr+W1OiyKdXcbjQD6KbW+obaTeBBtLUAtbBsnlTTmWthw99xqoOS7SsySDg==",
      "cpu": [
        "x64"
      ],
      "license": "Apache-2.0",
      "optional": true,
      "os": [
        "darwin"
      ],
      "engines": {
        "glibc": ">=2.26",
        "node": "^18.17.0 || ^20.3.0 || >=21.0.0",
        "npm": ">=9.6.5",
        "pnpm": ">=7.1.0",
        "yarn": ">=3.2.0"
      },
      "funding": {
        "url": "https://opencollective.com/libvips"
      },
      "optionalDependencies": {
        "@img/sharp-libvips-darwin-x64": "1.0.1"
      }
    },
    "node_modules/@img/sharp-libvips-darwin-arm64": {
      "version": "1.0.1",
      "resolved": "https://registry.npmjs.org/@img/sharp-libvips-darwin-arm64/-/sharp-libvips-darwin-arm64-1.0.1.tgz",
      "integrity": "sha512-kQyrSNd6lmBV7O0BUiyu/OEw9yeNGFbQhbxswS1i6rMDwBBSX+e+rPzu3S+MwAiGU3HdLze3PanQ4Xkfemgzcw==",
      "cpu": [
        "arm64"
      ],
      "license": "LGPL-3.0-or-later",
      "optional": true,
      "os": [
        "darwin"
      ],
      "engines": {
        "macos": ">=11",
        "npm": ">=9.6.5",
        "pnpm": ">=7.1.0",
        "yarn": ">=3.2.0"
      },
      "funding": {
        "url": "https://opencollective.com/libvips"
      }
    },
    "node_modules/@img/sharp-libvips-darwin-x64": {
      "version": "1.0.1",
      "resolved": "https://registry.npmjs.org/@img/sharp-libvips-darwin-x64/-/sharp-libvips-darwin-x64-1.0.1.tgz",
      "integrity": "sha512-eVU/JYLPVjhhrd8Tk6gosl5pVlvsqiFlt50wotCvdkFGf+mDNBJxMh+bvav+Wt3EBnNZWq8Sp2I7XfSjm8siog==",
      "cpu": [
        "x64"
      ],
      "license": "LGPL-3.0-or-later",
      "optional": true,
      "os": [
        "darwin"
      ],
      "engines": {
        "macos": ">=10.13",
        "npm": ">=9.6.5",
        "pnpm": ">=7.1.0",
        "yarn": ">=3.2.0"
      },
      "funding": {
        "url": "https://opencollective.com/libvips"
      }
    },
    "node_modules/@img/sharp-libvips-linux-arm": {
      "version": "1.0.1",
      "resolved": "https://registry.npmjs.org/@img/sharp-libvips-linux-arm/-/sharp-libvips-linux-arm-1.0.1.tgz",
      "integrity": "sha512-FtdMvR4R99FTsD53IA3LxYGghQ82t3yt0ZQ93WMZ2xV3dqrb0E8zq4VHaTOuLEAuA83oDawHV3fd+BsAPadHIQ==",
      "cpu": [
        "arm"
      ],
      "license": "LGPL-3.0-or-later",
      "optional": true,
      "os": [
        "linux"
      ],
      "engines": {
        "glibc": ">=2.28",
        "npm": ">=9.6.5",
        "pnpm": ">=7.1.0",
        "yarn": ">=3.2.0"
      },
      "funding": {
        "url": "https://opencollective.com/libvips"
      }
    },
    "node_modules/@img/sharp-libvips-linux-arm64": {
      "version": "1.0.1",
      "resolved": "https://registry.npmjs.org/@img/sharp-libvips-linux-arm64/-/sharp-libvips-linux-arm64-1.0.1.tgz",
      "integrity": "sha512-bnGG+MJjdX70mAQcSLxgeJco11G+MxTz+ebxlz8Y3dxyeb3Nkl7LgLI0mXupoO+u1wRNx/iRj5yHtzA4sde1yA==",
      "cpu": [
        "arm64"
      ],
      "license": "LGPL-3.0-or-later",
      "optional": true,
      "os": [
        "linux"
      ],
      "engines": {
        "glibc": ">=2.26",
        "npm": ">=9.6.5",
        "pnpm": ">=7.1.0",
        "yarn": ">=3.2.0"
      },
      "funding": {
        "url": "https://opencollective.com/libvips"
      }
    },
    "node_modules/@img/sharp-libvips-linux-s390x": {
      "version": "1.0.1",
      "resolved": "https://registry.npmjs.org/@img/sharp-libvips-linux-s390x/-/sharp-libvips-linux-s390x-1.0.1.tgz",
      "integrity": "sha512-3+rzfAR1YpMOeA2zZNp+aYEzGNWK4zF3+sdMxuCS3ey9HhDbJ66w6hDSHDMoap32DueFwhhs3vwooAB2MaK4XQ==",
      "cpu": [
        "s390x"
      ],
      "license": "LGPL-3.0-or-later",
      "optional": true,
      "os": [
        "linux"
      ],
      "engines": {
        "glibc": ">=2.28",
        "npm": ">=9.6.5",
        "pnpm": ">=7.1.0",
        "yarn": ">=3.2.0"
      },
      "funding": {
        "url": "https://opencollective.com/libvips"
      }
    },
    "node_modules/@img/sharp-libvips-linux-x64": {
      "version": "1.0.1",
      "resolved": "https://registry.npmjs.org/@img/sharp-libvips-linux-x64/-/sharp-libvips-linux-x64-1.0.1.tgz",
      "integrity": "sha512-3NR1mxFsaSgMMzz1bAnnKbSAI+lHXVTqAHgc1bgzjHuXjo4hlscpUxc0vFSAPKI3yuzdzcZOkq7nDPrP2F8Jgw==",
      "cpu": [
        "x64"
      ],
      "license": "LGPL-3.0-or-later",
      "optional": true,
      "os": [
        "linux"
      ],
      "engines": {
        "glibc": ">=2.26",
        "npm": ">=9.6.5",
        "pnpm": ">=7.1.0",
        "yarn": ">=3.2.0"
      },
      "funding": {
        "url": "https://opencollective.com/libvips"
      }
    },
    "node_modules/@img/sharp-libvips-linuxmusl-arm64": {
      "version": "1.0.1",
      "resolved": "https://registry.npmjs.org/@img/sharp-libvips-linuxmusl-arm64/-/sharp-libvips-linuxmusl-arm64-1.0.1.tgz",
      "integrity": "sha512-5aBRcjHDG/T6jwC3Edl3lP8nl9U2Yo8+oTl5drd1dh9Z1EBfzUKAJFUDTDisDjUwc7N4AjnPGfCA3jl3hY8uDg==",
      "cpu": [
        "arm64"
      ],
      "license": "LGPL-3.0-or-later",
      "optional": true,
      "os": [
        "linux"
      ],
      "engines": {
        "musl": ">=1.2.2",
        "npm": ">=9.6.5",
        "pnpm": ">=7.1.0",
        "yarn": ">=3.2.0"
      },
      "funding": {
        "url": "https://opencollective.com/libvips"
      }
    },
    "node_modules/@img/sharp-libvips-linuxmusl-x64": {
      "version": "1.0.1",
      "resolved": "https://registry.npmjs.org/@img/sharp-libvips-linuxmusl-x64/-/sharp-libvips-linuxmusl-x64-1.0.1.tgz",
      "integrity": "sha512-dcT7inI9DBFK6ovfeWRe3hG30h51cBAP5JXlZfx6pzc/Mnf9HFCQDLtYf4MCBjxaaTfjCCjkBxcy3XzOAo5txw==",
      "cpu": [
        "x64"
      ],
      "license": "LGPL-3.0-or-later",
      "optional": true,
      "os": [
        "linux"
      ],
      "engines": {
        "musl": ">=1.2.2",
        "npm": ">=9.6.5",
        "pnpm": ">=7.1.0",
        "yarn": ">=3.2.0"
      },
      "funding": {
        "url": "https://opencollective.com/libvips"
      }
    },
    "node_modules/@img/sharp-linux-arm": {
      "version": "0.33.2",
      "resolved": "https://registry.npmjs.org/@img/sharp-linux-arm/-/sharp-linux-arm-0.33.2.tgz",
      "integrity": "sha512-Fndk/4Zq3vAc4G/qyfXASbS3HBZbKrlnKZLEJzPLrXoJuipFNNwTes71+Ki1hwYW5lch26niRYoZFAtZVf3EGA==",
      "cpu": [
        "arm"
      ],
      "license": "Apache-2.0",
      "optional": true,
      "os": [
        "linux"
      ],
      "engines": {
        "glibc": ">=2.28",
        "node": "^18.17.0 || ^20.3.0 || >=21.0.0",
        "npm": ">=9.6.5",
        "pnpm": ">=7.1.0",
        "yarn": ">=3.2.0"
      },
      "funding": {
        "url": "https://opencollective.com/libvips"
      },
      "optionalDependencies": {
        "@img/sharp-libvips-linux-arm": "1.0.1"
      }
    },
    "node_modules/@img/sharp-linux-arm64": {
      "version": "0.33.2",
      "resolved": "https://registry.npmjs.org/@img/sharp-linux-arm64/-/sharp-linux-arm64-0.33.2.tgz",
      "integrity": "sha512-pz0NNo882vVfqJ0yNInuG9YH71smP4gRSdeL09ukC2YLE6ZyZePAlWKEHgAzJGTiOh8Qkaov6mMIMlEhmLdKew==",
      "cpu": [
        "arm64"
      ],
      "license": "Apache-2.0",
      "optional": true,
      "os": [
        "linux"
      ],
      "engines": {
        "glibc": ">=2.26",
        "node": "^18.17.0 || ^20.3.0 || >=21.0.0",
        "npm": ">=9.6.5",
        "pnpm": ">=7.1.0",
        "yarn": ">=3.2.0"
      },
      "funding": {
        "url": "https://opencollective.com/libvips"
      },
      "optionalDependencies": {
        "@img/sharp-libvips-linux-arm64": "1.0.1"
      }
    },
    "node_modules/@img/sharp-linux-s390x": {
      "version": "0.33.2",
      "resolved": "https://registry.npmjs.org/@img/sharp-linux-s390x/-/sharp-linux-s390x-0.33.2.tgz",
      "integrity": "sha512-MBoInDXDppMfhSzbMmOQtGfloVAflS2rP1qPcUIiITMi36Mm5YR7r0ASND99razjQUpHTzjrU1flO76hKvP5RA==",
      "cpu": [
        "s390x"
      ],
      "license": "Apache-2.0",
      "optional": true,
      "os": [
        "linux"
      ],
      "engines": {
        "glibc": ">=2.28",
        "node": "^18.17.0 || ^20.3.0 || >=21.0.0",
        "npm": ">=9.6.5",
        "pnpm": ">=7.1.0",
        "yarn": ">=3.2.0"
      },
      "funding": {
        "url": "https://opencollective.com/libvips"
      },
      "optionalDependencies": {
        "@img/sharp-libvips-linux-s390x": "1.0.1"
      }
    },
    "node_modules/@img/sharp-linux-x64": {
      "version": "0.33.2",
      "resolved": "https://registry.npmjs.org/@img/sharp-linux-x64/-/sharp-linux-x64-0.33.2.tgz",
      "integrity": "sha512-xUT82H5IbXewKkeF5aiooajoO1tQV4PnKfS/OZtb5DDdxS/FCI/uXTVZ35GQ97RZXsycojz/AJ0asoz6p2/H/A==",
      "cpu": [
        "x64"
      ],
      "license": "Apache-2.0",
      "optional": true,
      "os": [
        "linux"
      ],
      "engines": {
        "glibc": ">=2.26",
        "node": "^18.17.0 || ^20.3.0 || >=21.0.0",
        "npm": ">=9.6.5",
        "pnpm": ">=7.1.0",
        "yarn": ">=3.2.0"
      },
      "funding": {
        "url": "https://opencollective.com/libvips"
      },
      "optionalDependencies": {
        "@img/sharp-libvips-linux-x64": "1.0.1"
      }
    },
    "node_modules/@img/sharp-linuxmusl-arm64": {
      "version": "0.33.2",
      "resolved": "https://registry.npmjs.org/@img/sharp-linuxmusl-arm64/-/sharp-linuxmusl-arm64-0.33.2.tgz",
      "integrity": "sha512-F+0z8JCu/UnMzg8IYW1TMeiViIWBVg7IWP6nE0p5S5EPQxlLd76c8jYemG21X99UzFwgkRo5yz2DS+zbrnxZeA==",
      "cpu": [
        "arm64"
      ],
      "license": "Apache-2.0",
      "optional": true,
      "os": [
        "linux"
      ],
      "engines": {
        "musl": ">=1.2.2",
        "node": "^18.17.0 || ^20.3.0 || >=21.0.0",
        "npm": ">=9.6.5",
        "pnpm": ">=7.1.0",
        "yarn": ">=3.2.0"
      },
      "funding": {
        "url": "https://opencollective.com/libvips"
      },
      "optionalDependencies": {
        "@img/sharp-libvips-linuxmusl-arm64": "1.0.1"
      }
    },
    "node_modules/@img/sharp-linuxmusl-x64": {
      "version": "0.33.2",
      "resolved": "https://registry.npmjs.org/@img/sharp-linuxmusl-x64/-/sharp-linuxmusl-x64-0.33.2.tgz",
      "integrity": "sha512-+ZLE3SQmSL+Fn1gmSaM8uFusW5Y3J9VOf+wMGNnTtJUMUxFhv+P4UPaYEYT8tqnyYVaOVGgMN/zsOxn9pSsO2A==",
      "cpu": [
        "x64"
      ],
      "license": "Apache-2.0",
      "optional": true,
      "os": [
        "linux"
      ],
      "engines": {
        "musl": ">=1.2.2",
        "node": "^18.17.0 || ^20.3.0 || >=21.0.0",
        "npm": ">=9.6.5",
        "pnpm": ">=7.1.0",
        "yarn": ">=3.2.0"
      },
      "funding": {
        "url": "https://opencollective.com/libvips"
      },
      "optionalDependencies": {
        "@img/sharp-libvips-linuxmusl-x64": "1.0.1"
      }
    },
    "node_modules/@img/sharp-wasm32": {
      "version": "0.33.2",
      "resolved": "https://registry.npmjs.org/@img/sharp-wasm32/-/sharp-wasm32-0.33.2.tgz",
      "integrity": "sha512-fLbTaESVKuQcpm8ffgBD7jLb/CQLcATju/jxtTXR1XCLwbOQt+OL5zPHSDMmp2JZIeq82e18yE0Vv7zh6+6BfQ==",
      "cpu": [
        "wasm32"
      ],
      "license": "Apache-2.0 AND LGPL-3.0-or-later AND MIT",
      "optional": true,
      "dependencies": {
        "@emnapi/runtime": "^0.45.0"
      },
      "engines": {
        "node": "^18.17.0 || ^20.3.0 || >=21.0.0",
        "npm": ">=9.6.5",
        "pnpm": ">=7.1.0",
        "yarn": ">=3.2.0"
      },
      "funding": {
        "url": "https://opencollective.com/libvips"
      }
    },
    "node_modules/@img/sharp-win32-ia32": {
      "version": "0.33.2",
      "resolved": "https://registry.npmjs.org/@img/sharp-win32-ia32/-/sharp-win32-ia32-0.33.2.tgz",
      "integrity": "sha512-okBpql96hIGuZ4lN3+nsAjGeggxKm7hIRu9zyec0lnfB8E7Z6p95BuRZzDDXZOl2e8UmR4RhYt631i7mfmKU8g==",
      "cpu": [
        "ia32"
      ],
      "license": "Apache-2.0 AND LGPL-3.0-or-later",
      "optional": true,
      "os": [
        "win32"
      ],
      "engines": {
        "node": "^18.17.0 || ^20.3.0 || >=21.0.0",
        "npm": ">=9.6.5",
        "pnpm": ">=7.1.0",
        "yarn": ">=3.2.0"
      },
      "funding": {
        "url": "https://opencollective.com/libvips"
      }
    },
    "node_modules/@img/sharp-win32-x64": {
      "version": "0.33.2",
      "resolved": "https://registry.npmjs.org/@img/sharp-win32-x64/-/sharp-win32-x64-0.33.2.tgz",
      "integrity": "sha512-E4magOks77DK47FwHUIGH0RYWSgRBfGdK56kIHSVeB9uIS4pPFr4N2kIVsXdQQo4LzOsENKV5KAhRlRL7eMAdg==",
      "cpu": [
        "x64"
      ],
      "license": "Apache-2.0 AND LGPL-3.0-or-later",
      "optional": true,
      "os": [
        "win32"
      ],
      "engines": {
        "node": "^18.17.0 || ^20.3.0 || >=21.0.0",
        "npm": ">=9.6.5",
        "pnpm": ">=7.1.0",
        "yarn": ">=3.2.0"
      },
      "funding": {
        "url": "https://opencollective.com/libvips"
      }
    },
    "node_modules/@noble/ed25519": {
      "version": "3.1.0",
      "resolved": "https://registry.npmjs.org/@noble/ed25519/-/ed25519-3.1.0.tgz",
      "integrity": "sha512-pfcObRY3CtvwfaG9Mt5XqZdKmAQppl37tHUeuBhDUbiwJBCVY4/A4lbMvb1xKhMDx96AqAqZpMWuBX1HulhX4g==",
      "license": "MIT",
      "funding": {
        "url": "https://paulmillr.com/funding/"
      }
    },
    "node_modules/@xmldom/xmldom": {
      "version": "0.9.8",
      "resolved": "https://registry.npmjs.org/@xmldom/xmldom/-/xmldom-0.9.8.tgz",
      "integrity": "sha512-p96FSY54r+WJ50FIOsCOjyj/wavs8921hG5+kVMmZgKcvIKxMXHTrjNJvRgWa/zuX3B6t2lijLNFaOyuxUH+2A==",
      "license": "MIT",
      "optional": true,
      "engines": {
        "node": ">=14.6"
      }
    },
    "node_modules/color": {
      "version": "4.2.3",
      "resolved": "https://registry.npmjs.org/color/-/color-4.2.3.tgz",
      "integrity": "sha512-1rXeuUUiGGrykh+CeBdu5Ie7OJwinCgQY0bc7GCRxy5xVHy+moaqkpL/jqQq0MtQOeYcrqEz4abc5f0KtU7W4A==",
      "license": "MIT",
      "dependencies": {
        "color-convert": "^2.0.1",
        "color-string": "^1.9.0"
      },
      "engines": {
        "node": ">=12.5.0"
      }
    },
    "node_modules/color-convert": {
      "version": "2.0.1",
      "resolved": "https://registry.npmjs.org/color-convert/-/color-convert-2.0.1.tgz",
      "integrity": "sha512-RRECPsj7iu/xb5oKYcsFHSppFNnsj/52OVTRKb4zP5onXwVF3zVmmToNcOfGC+CRDpfK/U584fMg38ZHCaElKQ==",
      "license": "MIT",
      "dependencies": {
        "color-name": "~1.1.4"
      },
      "engines": {
        "node": ">=7.0.0"
      }
    },
    "node_modules/color-name": {
      "version": "1.1.4",
      "resolved": "https://registry.npmjs.org/color-name/-/color-name-1.1.4.tgz",
      "integrity": "sha512-dOy+3AuW3a2wNbZHIuMZpTcgjGuLU/uBL/ubcZF9OXbDo8ff4O8yVp5Bf0efS8uEoYo5q4Fx7dY9OgQGXgAsQA==",
      "license": "MIT"
    },
    "node_modules/color-string": {
      "version": "1.9.1",
      "resolved": "https://registry.npmjs.org/color-string/-/color-string-1.9.1.tgz",
      "integrity": "sha512-shrVawQFojnZv6xM40anx4CkoDP+fZsw/ZerEMsW/pyzsRbElpsL/DBVW7q3ExxwusdNXI3lXpuhEZkzs8p5Eg==",
      "license": "MIT",
      "dependencies": {
        "color-name": "^1.0.0",
        "simple-swizzle": "^0.2.2"
      }
    },
    "node_modules/detect-libc": {
      "version": "2.1.2",
      "resolved": "https://registry.npmjs.org/detect-libc/-/detect-libc-2.1.2.tgz",
      "integrity": "sha512-Btj2BOOO83o3WyH59e8MgXsxEQVcarkUOpEYrubB0urwnN10yQ364rsiByU11nZlqWYZm05i/of7io4mzihBtQ==",
      "license": "Apache-2.0",
      "engines": {
        "node": ">=8"
      }
    },
    "node_modules/exifreader": {
      "version": "4.36.2",
      "resolved": "https://registry.npmjs.org/exifreader/-/exifreader-4.36.2.tgz",
      "integrity": "sha512-Rpboqge86aBhRVJeW70BZHIkFNCi6rVlidzKuDyRxsreS/SbT983wFk/88+ddJu7zSrOae5fuiyXO7X91qq88Q==",
      "hasInstallScript": true,
      "license": "MPL-2.0",
      "optionalDependencies": {
        "@xmldom/xmldom": "^0.9.4"
      }
    },
    "node_modules/is-arrayish": {
      "version": "0.3.4",
      "resolved": "https://registry.npmjs.org/is-arrayish/-/is-arrayish-0.3.4.tgz",
      "integrity": "sha512-m6UrgzFVUYawGBh1dUsWR5M2Clqic9RVXC/9f8ceNlv2IcO9j9J/z8UoCLPqtsPBFNzEpfR3xftohbfqDx8EQA==",
      "license": "MIT"
    },
    "node_modules/semver": {
      "version": "7.7.4",
      "resolved": "https://registry.npmjs.org/semver/-/semver-7.7.4.tgz",
      "integrity": "sha512-vFKC2IEtQnVhpT78h1Yp8wzwrf8CM+MzKMHGJZfBtzhZNycRFnXsHk6E5TxIkkMsgNS7mdX3AGB7x2QM2di4lA==",
      "license": "ISC",
      "bin": {
        "semver": "bin/semver.js"
      },
      "engines": {
        "node": ">=10"
      }
    },
    "node_modules/sharp": {
      "version": "0.33.2",
      "resolved": "https://registry.npmjs.org/sharp/-/sharp-0.33.2.tgz",
      "integrity": "sha512-WlYOPyyPDiiM07j/UO+E720ju6gtNtHjEGg5vovUk1Lgxyjm2LFO+37Nt/UI3MMh2l6hxTWQWi7qk3cXJTutcQ==",
      "hasInstallScript": true,
      "license": "Apache-2.0",
      "dependencies": {
        "color": "^4.2.3",
        "detect-libc": "^2.0.2",
        "semver": "^7.5.4"
      },
      "engines": {
        "libvips": ">=8.15.1",
        "node": "^18.17.0 || ^20.3.0 || >=21.0.0"
      },
      "funding": {
        "url": "https://opencollective.com/libvips"
      },
      "optionalDependencies": {
        "@img/sharp-darwin-arm64": "0.33.2",
        "@img/sharp-darwin-x64": "0.33.2",
        "@img/sharp-libvips-darwin-arm64": "1.0.1",
        "@img/sharp-libvips-darwin-x64": "1.0.1",
        "@img/sharp-libvips-linux-arm": "1.0.1",
        "@img/sharp-libvips-linux-arm64": "1.0.1",
        "@img/sharp-libvips-linux-s390x": "1.0.1",
        "@img/sharp-libvips-linux-x64": "1.0.1",
        "@img/sharp-libvips-linuxmusl-arm64": "1.0.1",
        "@img/sharp-libvips-linuxmusl-x64": "1.0.1",
        "@img/sharp-linux-arm": "0.33.2",
        "@img/sharp-linux-arm64": "0.33.2",
        "@img/sharp-linux-s390x": "0.33.2",
        "@img/sharp-linux-x64": "0.33.2",
        "@img/sharp-linuxmusl-arm64": "0.33.2",
        "@img/sharp-linuxmusl-x64": "0.33.2",
        "@img/sharp-wasm32": "0.33.2",
        "@img/sharp-win32-ia32": "0.33.2",
        "@img/sharp-win32-x64": "0.33.2"
      }
    },
    "node_modules/simple-swizzle": {
      "version": "0.2.4",
      "resolved": "https://registry.npmjs.org/simple-swizzle/-/simple-swizzle-0.2.4.tgz",
      "integrity": "sha512-nAu1WFPQSMNr2Zn9PGSZK9AGn4t/y97lEm+MXTtUDwfP0ksAIX4nO+6ruD9Jwut4C49SB1Ws+fbXsm/yScWOHw==",
      "license": "MIT",
      "dependencies": {
        "is-arrayish": "^0.3.1"
      }
    },
    "node_modules/tslib": {
      "version": "2.8.1",
      "resolved": "https://registry.npmjs.org/tslib/-/tslib-2.8.1.tgz",
      "integrity": "sha512-oJFu94HQb+KVduSUQL7wnpmqnfmLsOA/nAh6b6EH0wCEoK0/mPeXU6c3wKDV83MkOuHPRHtSXKKU99IBazS/2w==",
      "license": "0BSD",
      "optional": true
    }
  }
}
