{
  "name": "FileSharing",
  "lockfileVersion": 3,
  "requires": true,
  "packages": {
    "": {
      "dependencies": {
        "exifreader": "^4.36.2"
      }
    },
    "node_modules/@xmldom/xmldom": {
      "version": "0.9.8",
      "resolved": "https://registry.npmjs.org/@xmldom/xmldom/-/xmldom-0.9.8.tgz",
      "integrity": "sha512-p96FSY54r+WJ50FIOsCOjyj/wavs8921hG5+kVMmZgKcvIKxMXHTrjNJvRgWa/zuX3B6t2lijLNFaOyuxUH+2A==",
      "license": "MIT",
      "optional": true,
      "engines": {
        "node": ">=14.6"
      }
    },
    "node_modules/exifreader": {
      "version": "4.36.2",
      "resolved": "https://registry.npmjs.org/exifreader/-/exifreader-4.36.2.tgz",
      "integrity": "sha512-Rpboqge86aBhRVJeW70BZHIkFNCi6rVlidzKuDyRxsreS/SbT983wFk/88+ddJu7zSrOae5fuiyXO7X91qq88Q==",
      "hasInstallScript": true,
      "license": "MPL-2.0",
      "optionalDependencies": {
        "@xmldom/xmldom": "^0.9.4"
      }
    }
  }
}
